{
  "name": "webpack006",
  "version": "1.0.0",
  "lockfileVersion": 1,
  "requires": true,
  "dependencies": {
    "create-hmac": {
      "version": "1.1.6",
      "resolved": "http://registry.npm.taobao.org/create-hmac/download/create-hmac-1.1.6.tgz",
      "dev": true,
      "requires": {
        "cipher-base": "1.0.4",
        "inherits": "2.0.3"
      },
      "dependencies": {
        "cipher-base": {
          "version": "1.0.4",
          "resolved": "http://registry.npm.taobao.org/cipher-base/download/cipher-base-1.0.4.tgz",
          "integrity": "sha1-h2Dk7MJy9MNjUy+SbYdKriwTl94=",
          "dev": true,
          "requires": {
            "inherits": "2.0.3"
          }
        },
        "create-hash": {
          "version": "http://registry.npm.taobao.org/create-hash/download/create-hash-1.1.3.tgz",
          "bundled": true
        },
        "inherits": {
          "version": "http://registry.npm.taobao.org/inherits/download/inherits-2.0.3.tgz",
          "bundled": true
        },
        "safe-buffer": {
          "version": "http://registry.npm.taobao.org/safe-buffer/download/safe-buffer-5.1.1.tgz",
          "bundled": true
        }
      }
    },
    "inherits": {
      "version": "2.0.3",
      "resolved": "http://registry.npm.taobao.org/inherits/download/inherits-2.0.3.tgz",
      "dev": true
    },
    "webpack": {
      "version": "3.5.6",
      "resolved": "http://registry.npm.taobao.org/webpack/download/webpack-3.5.6.tgz",
      "dev": true,
      "requires": {
        "acorn-dynamic-import": "2.0.2",
        "ajv": "5.5.2",
        "escope": "3.6.0",
        "json5": "0.5.1",
        "loader-runner": "2.3.0",
        "loader-utils": "1.1.0",
        "node-libs-browser": "2.1.0",
        "source-map": "0.5.7",
        "tapable": "0.2.8",
        "watchpack": "1.5.0"
      },
      "dependencies": {
        "acorn": {
          "version": "http://registry.npm.taobao.org/acorn/download/acorn-5.5.3.tgz",
          "bundled": true
        },
        "acorn-dynamic-import": {
          "version": "2.0.2",
          "resolved": "http://registry.npm.taobao.org/acorn-dynamic-import/download/acorn-dynamic-import-2.0.2.tgz",
          "integrity": "sha1-x1K9IQvvZ5UBtsbLf8hPj0cVjMQ=",
          "dev": true,
          "requires": {
            "acorn": "4.0.13"
          },
          "dependencies": {
            "acorn": {
              "version": "4.0.13",
              "resolved": "http://registry.npm.taobao.org/acorn/download/acorn-4.0.13.tgz",
              "integrity": "sha1-EFSVrlNh1pe9GVyCUZLhrX8lN4c=",
              "dev": true
            }
          }
        },
        "ajv": {
          "version": "5.5.2",
          "resolved": "http://registry.npm.taobao.org/ajv/download/ajv-5.5.2.tgz",
          "integrity": "sha1-c7Xuyj+rZT49P5Qis0GtQiBdyWU=",
          "dev": true,
          "requires": {
            "co": "4.6.0",
            "fast-deep-equal": "1.1.0"
          }
        },
        "ajv-keywords": {
          "version": "http://registry.npm.taobao.org/ajv-keywords/download/ajv-keywords-2.1.1.tgz",
          "bundled": true
        },
        "assert": {
          "version": "1.4.1",
          "resolved": "http://registry.npm.taobao.org/assert/download/assert-1.4.1.tgz",
          "integrity": "sha1-mZEtWRg2tab1s0XA8H7vwI/GXZE=",
          "dev": true,
          "requires": {
            "util": "0.10.3"
          }
        },
        "async": {
          "version": "http://registry.npm.taobao.org/async/download/async-2.6.0.tgz",
          "bundled": true
        },
        "bn.js": {
          "version": "4.11.8",
          "resolved": "http://registry.npm.taobao.org/bn.js/download/bn.js-4.11.8.tgz",
          "integrity": "sha1-LN4J617jQfSEdGuwMJsyU7GxRC8=",
          "dev": true
        },
        "browserify-sign": {
          "version": "4.0.4",
          "resolved": "http://registry.npm.taobao.org/browserify-sign/download/browserify-sign-4.0.4.tgz",
          "integrity": "sha1-qk62jl17ZYuqa/alfmMMvXqT0pg=",
          "dev": true,
          "requires": {
            "bn.js": "4.11.8",
            "create-hmac": "1.1.6",
            "inherits": "2.0.1"
          }
        },
        "co": {
          "version": "4.6.0",
          "resolved": "http://registry.npm.taobao.org/co/download/co-4.6.0.tgz",
          "integrity": "sha1-bqa989hTrlTMuOR7+gvz+QMfsYQ=",
          "dev": true
        },
        "console-browserify": {
          "version": "1.1.0",
          "resolved": "http://registry.npm.taobao.org/console-browserify/download/console-browserify-1.1.0.tgz",
          "integrity": "sha1-8CQcRXMKn8YyOyBtvzjtx0HQuxA=",
          "dev": true,
          "requires": {
            "date-now": "0.1.4"
          }
        },
        "constants-browserify": {
          "version": "1.0.0",
          "resolved": "http://registry.npm.taobao.org/constants-browserify/download/constants-browserify-1.0.0.tgz",
          "integrity": "sha1-wguW2MYXdIqvHBYCF2DNJ/y4y3U=",
          "dev": true
        },
        "create-ecdh": {
          "version": "4.0.0",
          "resolved": "http://registry.npm.taobao.org/create-ecdh/download/create-ecdh-4.0.0.tgz",
          "integrity": "sha1-iIxyNZbN92EvZJgjPuvXo1MBc30=",
          "dev": true,
          "requires": {
            "bn.js": "4.11.8"
          }
        },
        "crypto-browserify": {
          "version": "3.12.0",
          "resolved": "http://registry.npm.taobao.org/crypto-browserify/download/crypto-browserify-3.12.0.tgz",
          "integrity": "sha1-OWz58xN/A+S45TLFj2mCVOAPgOw=",
          "dev": true,
          "requires": {
            "browserify-sign": "4.0.4",
            "create-ecdh": "4.0.0",
            "create-hmac": "1.1.6",
            "inherits": "2.0.1",
            "public-encrypt": "4.0.0",
            "randombytes": "2.0.6",
            "randomfill": "1.0.4"
          }
        },
        "date-now": {
          "version": "0.1.4",
          "resolved": "http://registry.npm.taobao.org/date-now/download/date-now-0.1.4.tgz",
          "integrity": "sha1-6vQ5/U1ISK105cx9vvIAZyueNFs=",
          "dev": true
        },
        "enhanced-resolve": {
          "version": "http://registry.npm.taobao.org/enhanced-resolve/download/enhanced-resolve-3.4.1.tgz",
          "bundled": true
        },
        "es5-ext": {
          "version": "0.10.40",
          "resolved": "http://registry.npm.taobao.org/es5-ext/download/es5-ext-0.10.40.tgz",
          "integrity": "sha1-qz0heblDAIxenvJBvrJe9BQkx3Q=",
          "dev": true,
          "requires": {
            "es6-iterator": "2.0.3"
          }
        },
        "es6-iterator": {
          "version": "2.0.3",
          "resolved": "http://registry.npm.taobao.org/es6-iterator/download/es6-iterator-2.0.3.tgz",
          "integrity": "sha1-p96IkUGgWpSwhUQDstCg+/qY87c=",
          "dev": true,
          "requires": {
            "es5-ext": "0.10.40"
          }
        },
        "es6-map": {
          "version": "0.1.5",
          "resolved": "http://registry.npm.taobao.org/es6-map/download/es6-map-0.1.5.tgz",
          "integrity": "sha1-kTbgUD3MBqMBaQ8LsU/042TpSfA=",
          "dev": true,
          "requires": {
            "es5-ext": "0.10.40",
            "es6-iterator": "2.0.3",
            "event-emitter": "0.3.5"
          }
        },
        "es6-weak-map": {
          "version": "2.0.2",
          "resolved": "http://registry.npm.taobao.org/es6-weak-map/download/es6-weak-map-2.0.2.tgz",
          "integrity": "sha1-XjqzIlH/0VOKH45f+hNXdy+S2W8=",
          "dev": true,
          "requires": {
            "es5-ext": "0.10.40",
            "es6-iterator": "2.0.3"
          }
        },
        "escope": {
          "version": "3.6.0",
          "resolved": "http://registry.npm.taobao.org/escope/download/escope-3.6.0.tgz",
          "integrity": "sha1-4Bl16BJ4GhY6ba392AOY3GTIicM=",
          "dev": true,
          "requires": {
            "es6-map": "0.1.5",
            "es6-weak-map": "2.0.2"
          }
        },
        "event-emitter": {
          "version": "0.3.5",
          "resolved": "http://registry.npm.taobao.org/event-emitter/download/event-emitter-0.3.5.tgz",
          "integrity": "sha1-34xp7vFkeSPHFXuc6DhAYQsCzDk=",
          "dev": true,
          "requires": {
            "es5-ext": "0.10.40"
          }
        },
        "fast-deep-equal": {
          "version": "1.1.0",
          "resolved": "http://registry.npm.taobao.org/fast-deep-equal/download/fast-deep-equal-1.1.0.tgz",
          "integrity": "sha1-wFNHeBfIa1HaqFPIHgWbcz0CNhQ=",
          "dev": true
        },
        "inherits": {
          "version": "2.0.1",
          "resolved": "http://registry.npm.taobao.org/inherits/download/inherits-2.0.1.tgz",
          "integrity": "sha1-sX0I0ya0Qj5Wjv9xn5GwscvfafE=",
          "dev": true
        },
        "interpret": {
          "version": "http://registry.npm.taobao.org/interpret/download/interpret-1.1.0.tgz",
          "bundled": true
        },
        "json-loader": {
          "version": "http://registry.npm.taobao.org/json-loader/download/json-loader-0.5.7.tgz",
          "bundled": true
        },
        "json5": {
          "version": "0.5.1",
          "resolved": "http://registry.npm.taobao.org/json5/download/json5-0.5.1.tgz",
          "integrity": "sha1-Hq3nrMASA0rYTiOWdn6tn6VJWCE=",
          "dev": true
        },
        "loader-runner": {
          "version": "2.3.0",
          "resolved": "http://registry.npm.taobao.org/loader-runner/download/loader-runner-2.3.0.tgz",
          "integrity": "sha1-9IKuqC1UPgeSFwDVpG7yb9rGuKI=",
          "dev": true
        },
        "loader-utils": {
          "version": "1.1.0",
          "resolved": "http://registry.npm.taobao.org/loader-utils/download/loader-utils-1.1.0.tgz",
          "integrity": "sha1-yYrvSIvM7aL/teLeZG1qdUQp9c0=",
          "dev": true,
          "requires": {
            "json5": "0.5.1"
          }
        },
        "memory-fs": {
          "version": "http://registry.npm.taobao.org/memory-fs/download/memory-fs-0.4.1.tgz",
          "bundled": true,
          "dependencies": {
            "errno": {
              "version": "http://registry.npm.taobao.org/errno/download/errno-0.1.7.tgz",
              "bundled": true
            },
            "readable-stream": {
              "version": "http://registry.npm.taobao.org/readable-stream/download/readable-stream-2.3.5.tgz",
              "bundled": true,
              "dependencies": {
                "inherits": {
                  "version": "http://registry.npm.taobao.org/inherits/download/inherits-2.0.3.tgz"
                },
                "safe-buffer": {
                  "version": "http://registry.npm.taobao.org/safe-buffer/download/safe-buffer-5.1.1.tgz"
                }
              }
            }
          }
        },
        "mkdirp": {
          "version": "http://registry.npm.taobao.org/mkdirp/download/mkdirp-0.5.1.tgz",
          "bundled": true,
          "dependencies": {
            "minimist": {
              "version": "http://registry.npm.taobao.org/minimist/download/minimist-0.0.8.tgz"
            }
          }
        },
        "neo-async": {
          "version": "2.5.0",
          "resolved": "http://registry.npm.taobao.org/neo-async/download/neo-async-2.5.0.tgz",
          "integrity": "sha1-drHIIxMMyias+6zMj7rwovozsY8=",
          "dev": true
        },
        "node-libs-browser": {
          "version": "2.1.0",
          "resolved": "http://registry.npm.taobao.org/node-libs-browser/download/node-libs-browser-2.1.0.tgz",
          "integrity": "sha1-X5QmPUBPbkR2fXJpAf/wVHjWAN8=",
          "dev": true,
          "requires": {
            "assert": "1.4.1",
            "console-browserify": "1.1.0",
            "constants-browserify": "1.0.0",
            "crypto-browserify": "3.12.0",
            "os-browserify": "0.3.0",
            "path-browserify": "0.0.0",
            "querystring-es3": "0.2.1",
            "stream-browserify": "2.0.1",
            "timers-browserify": "2.0.6",
            "url": "0.11.0",
            "util": "0.10.3"
          }
        },
        "os-browserify": {
          "version": "0.3.0",
          "resolved": "http://registry.npm.taobao.org/os-browserify/download/os-browserify-0.3.0.tgz",
          "integrity": "sha1-hUNzx/XCMVkU/Jv8a9gjj92h7Cc=",
          "dev": true
        },
        "path-browserify": {
          "version": "0.0.0",
          "resolved": "http://registry.npm.taobao.org/path-browserify/download/path-browserify-0.0.0.tgz",
          "integrity": "sha1-oLhwcpquIUAFt9UDLsLLuw+0RRo=",
          "dev": true
        },
        "public-encrypt": {
          "version": "4.0.0",
          "resolved": "http://registry.npm.taobao.org/public-encrypt/download/public-encrypt-4.0.0.tgz",
          "integrity": "sha1-OfaZ86RlYN1eusvKaTyvfGXBjMY=",
          "dev": true,
          "requires": {
            "bn.js": "4.11.8",
            "randombytes": "2.0.6"
          }
        },
        "querystring-es3": {
          "version": "0.2.1",
          "resolved": "http://registry.npm.taobao.org/querystring-es3/download/querystring-es3-0.2.1.tgz",
          "integrity": "sha1-nsYfeQSYdXB9aUFFlv2Qek1xHnM=",
          "dev": true
        },
        "randombytes": {
          "version": "2.0.6",
          "resolved": "http://registry.npm.taobao.org/randombytes/download/randombytes-2.0.6.tgz",
          "integrity": "sha1-0wLFIpSFiISKjTAMkytEwkIx2oA=",
          "dev": true
        },
        "randomfill": {
          "version": "1.0.4",
          "resolved": "http://registry.npm.taobao.org/randomfill/download/randomfill-1.0.4.tgz",
          "integrity": "sha1-ySGW/IarQr6YPxvzF3giSTHWFFg=",
          "dev": true,
          "requires": {
            "randombytes": "2.0.6"
          }
        },
        "source-map": {
          "version": "0.5.7",
          "resolved": "http://registry.npm.taobao.org/source-map/download/source-map-0.5.7.tgz",
          "integrity": "sha1-igOdLRAh0i0eoUyA2OpGi6LvP8w=",
          "dev": true
        },
        "stream-browserify": {
          "version": "2.0.1",
          "resolved": "http://registry.npm.taobao.org/stream-browserify/download/stream-browserify-2.0.1.tgz",
          "integrity": "sha1-ZiZu5fm9uZQKTkUUyvtDu3Hlyds=",
          "dev": true,
          "requires": {
            "inherits": "2.0.1"
          }
        },
        "supports-color": {
          "version": "http://registry.npm.taobao.org/supports-color/download/supports-color-4.5.0.tgz",
          "bundled": true
        },
        "tapable": {
          "version": "0.2.8",
          "resolved": "http://registry.npm.taobao.org/tapable/download/tapable-0.2.8.tgz",
          "integrity": "sha1-mTcqXJmb8t8WCvwNdL7U9HlIzSI=",
          "dev": true
        },
        "timers-browserify": {
          "version": "2.0.6",
          "resolved": "http://registry.npm.taobao.org/timers-browserify/download/timers-browserify-2.0.6.tgz",
          "integrity": "sha1-JB52kn2coF9NlZgZAi9bNmS2S64=",
          "dev": true
        },
        "uglifyjs-webpack-plugin": {
          "version": "http://registry.npm.taobao.org/uglifyjs-webpack-plugin/download/uglifyjs-webpack-plugin-0.4.6.tgz",
          "bundled": true
        },
        "url": {
          "version": "0.11.0",
          "resolved": "http://registry.npm.taobao.org/url/download/url-0.11.0.tgz",
          "integrity": "sha1-ODjpfPxgUh63PFJajlW/3Z4uKPE=",
          "dev": true,
          "requires": {
            "punycode": "1.3.2"
          },
          "dependencies": {
            "punycode": {
              "version": "1.3.2",
              "resolved": "http://registry.npm.taobao.org/punycode/download/punycode-1.3.2.tgz",
              "integrity": "sha1-llOgNvt8HuQjQvIyXM7v6jkmxI0=",
              "dev": true
            }
          }
        },
        "util": {
          "version": "0.10.3",
          "resolved": "http://registry.npm.taobao.org/util/download/util-0.10.3.tgz",
          "integrity": "sha1-evsa/lCAUkZInj23/g7TeTNqwPk=",
          "dev": true,
          "requires": {
            "inherits": "2.0.1"
          }
        },
        "watchpack": {
          "version": "1.5.0",
          "resolved": "http://registry.npm.taobao.org/watchpack/download/watchpack-1.5.0.tgz",
          "integrity": "sha1-Ix54Ovgwoi+JZvZcTEusyBQHLu0=",
          "dev": true,
          "requires": {
            "neo-async": "2.5.0"
          }
        },
        "webpack-sources": {
          "version": "http://registry.npm.taobao.org/webpack-sources/download/webpack-sources-1.1.0.tgz",
          "bundled": true
        },
        "yargs": {
          "version": "http://registry.npm.taobao.org/yargs/download/yargs-8.0.2.tgz",
          "bundled": true
        }
      }
    }
  }
}
